
Microsoft Visual Studio Solution File, Format Version 12.00
# Visual Studio Version 17
VisualStudioVersion = 17.9.34622.214
MinimumVisualStudioVersion = 10.0.40219.1
Project("{9A19103F-16F7-4668-BE54-9A1E7A4F7556}") = "whiteLagoon.Web", "whiteLagoon.Web\whiteLagoon.Web.csproj", "{01898B36-D7FA-4F34-B0EC-632F8ECE6C1C}"
EndProject
Project("{9A19103F-16F7-4668-BE54-9A1E7A4F7556}") = "WhiteLagoon.Domain", "WhiteLagoon.Domain\WhiteLagoon.Domain.csproj", "{49EB4541-F939-4767-B5F1-15FC82F36E2E}"
EndProject
Project("{9A19103F-16F7-4668-BE54-9A1E7A4F7556}") = "WhiteLagoon.Application", "WhiteLagoon.Application\WhiteLagoon.Application.csproj", "{F31DD27F-BC6C-4332-86B0-3F6970A3D9A8}"
EndProject
Project("{9A19103F-16F7-4668-BE54-9A1E7A4F7556}") = "WhiteLagoon.Infrastructure", "WhiteLagoon.Inrfastructure\WhiteLagoon.Infrastructure.csproj", "{511622E1-8DC5-4284-9D83-45D64EC9E9F0}"
EndProject
Project("{2150E333-8FDC-42A3-9474-1A3956D46DE8}") = "Solution Items", "Solution Items", "{B6E06A70-A35D-486D-A3E4-94158104066D}"
	ProjectSection(SolutionItems) = preProject
		.editorconfig = .editorconfig
	EndProjectSection
EndProject
Global
	GlobalSection(SolutionConfigurationPlatforms) = preSolution
		Debug|Any CPU = Debug|Any CPU
		Release|Any CPU = Release|Any CPU
	EndGlobalSection
	GlobalSection(ProjectConfigurationPlatforms) = postSolution
		{01898B36-D7FA-4F34-B0EC-632F8ECE6C1C}.Debug|Any CPU.ActiveCfg = Debug|Any CPU
		{01898B36-D7FA-4F34-B0EC-632F8ECE6C1C}.Debug|Any CPU.Build.0 = Debug|Any CPU
		{01898B36-D7FA-4F34-B0EC-632F8ECE6C1C}.Release|Any CPU.ActiveCfg = Release|Any CPU
		{01898B36-D7FA-4F34-B0EC-632F8ECE6C1C}.Release|Any CPU.Build.0 = Release|Any CPU
		{49EB4541-F939-4767-B5F1-15FC82F36E2E}.Debug|Any CPU.ActiveCfg = Debug|Any CPU
		{49EB4541-F939-4767-B5F1-15FC82F36E2E}.Debug|Any CPU.Build.0 = Debug|Any CPU
		{49EB4541-F939-4767-B5F1-15FC82F36E2E}.Release|Any CPU.ActiveCfg = Release|Any CPU
		{49EB4541-F939-4767-B5F1-15FC82F36E2E}.Release|Any CPU.Build.0 = Release|Any CPU
		{F31DD27F-BC6C-4332-86B0-3F6970A3D9A8}.Debug|Any CPU.ActiveCfg = Debug|Any CPU
		{F31DD27F-BC6C-4332-86B0-3F6970A3D9A8}.Debug|Any CPU.Build.0 = Debug|Any CPU
		{F31DD27F-BC6C-4332-86B0-3F6970A3D9A8}.Release|Any CPU.ActiveCfg = Release|Any CPU
		{F31DD27F-BC6C-4332-86B0-3F6970A3D9A8}.Release|Any CPU.Build.0 = Release|Any CPU
		{511622E1-8DC5-4284-9D83-45D64EC9E9F0}.Debug|Any CPU.ActiveCfg = Debug|Any CPU
		{511622E1-8DC5-4284-9D83-45D64EC9E9F0}.Debug|Any CPU.Build.0 = Debug|Any CPU
		{511622E1-8DC5-4284-9D83-45D64EC9E9F0}.Release|Any CPU.ActiveCfg = Release|Any CPU
		{511622E1-8DC5-4284-9D83-45D64EC9E9F0}.Release|Any CPU.Build.0 = Release|Any CPU
	EndGlobalSection
	GlobalSection(SolutionProperties) = preSolution
		HideSolutionNode = FALSE
	EndGlobalSection
	GlobalSection(ExtensibilityGlobals) = postSolution
		SolutionGuid = {53150D67-5F10-47C2-AFA7-75F145BCDA9B}
	EndGlobalSection
EndGlobal
